
Microsoft Visual Studio Solution File, Format Version 12.00
# Visual Studio Version 16
Project("{2150E333-8FDC-42A3-9474-1A3956D46DE8}") = "CMakePredefinedTargets", "CMakePredefinedTargets", "{0F5899F9-AB55-3F93-8C75-C870AA8624B5}"
EndProject
Project("{2150E333-8FDC-42A3-9474-1A3956D46DE8}") = "GLFW3", "GLFW3", "{40A5DA62-342F-353F-B383-BB590866C022}"
EndProject
Project("{8BC9CEB8-8B4A-11D0-8D11-00A0C91BC942}") = "ALL_BUILD", "ALL_BUILD.vcxproj", "{393DA3A4-7855-39FB-AF2F-DD7C08C044AC}"
	ProjectSection(ProjectDependencies) = postProject
		{AE9BF2B3-803E-3502-99FE-D33D6F9C584D} = {AE9BF2B3-803E-3502-99FE-D33D6F9C584D}
		{7AD3614A-5C1A-3A13-B1C3-3A6C85E6FAFE} = {7AD3614A-5C1A-3A13-B1C3-3A6C85E6FAFE}
		{7FD8066E-CFC9-3E73-AE63-F062E9313EDE} = {7FD8066E-CFC9-3E73-AE63-F062E9313EDE}
	EndProjectSection
EndProject
Project("{8BC9CEB8-8B4A-11D0-8D11-00A0C91BC942}") = "HelloVulkan", "HelloVulkan.vcxproj", "{AE9BF2B3-803E-3502-99FE-D33D6F9C584D}"
	ProjectSection(ProjectDependencies) = postProject
		{7AD3614A-5C1A-3A13-B1C3-3A6C85E6FAFE} = {7AD3614A-5C1A-3A13-B1C3-3A6C85E6FAFE}
		{7FD8066E-CFC9-3E73-AE63-F062E9313EDE} = {7FD8066E-CFC9-3E73-AE63-F062E9313EDE}
	EndProjectSection
EndProject
Project("{8BC9CEB8-8B4A-11D0-8D11-00A0C91BC942}") = "INSTALL", "INSTALL.vcxproj", "{E67EA6F1-9365-3235-982E-DDD37E6FCFAD}"
	ProjectSection(ProjectDependencies) = postProject
		{393DA3A4-7855-39FB-AF2F-DD7C08C044AC} = {393DA3A4-7855-39FB-AF2F-DD7C08C044AC}
		{7AD3614A-5C1A-3A13-B1C3-3A6C85E6FAFE} = {7AD3614A-5C1A-3A13-B1C3-3A6C85E6FAFE}
	EndProjectSection
EndProject
Project("{8BC9CEB8-8B4A-11D0-8D11-00A0C91BC942}") = "ZERO_CHECK", "ZERO_CHECK.vcxproj", "{7AD3614A-5C1A-3A13-B1C3-3A6C85E6FAFE}"
	ProjectSection(ProjectDependencies) = postProject
	EndProjectSection
EndProject
Project("{8BC9CEB8-8B4A-11D0-8D11-00A0C91BC942}") = "glfw", "HelloVulkan\vendor\glfw\src\glfw.vcxproj", "{7FD8066E-CFC9-3E73-AE63-F062E9313EDE}"
	ProjectSection(ProjectDependencies) = postProject
		{7AD3614A-5C1A-3A13-B1C3-3A6C85E6FAFE} = {7AD3614A-5C1A-3A13-B1C3-3A6C85E6FAFE}
	EndProjectSection
EndProject
Project("{8BC9CEB8-8B4A-11D0-8D11-00A0C91BC942}") = "uninstall", "HelloVulkan\vendor\glfw\uninstall.vcxproj", "{8E883E7B-E9C0-32C0-8FFB-5EDB57D8AF8B}"
	ProjectSection(ProjectDependencies) = postProject
		{7AD3614A-5C1A-3A13-B1C3-3A6C85E6FAFE} = {7AD3614A-5C1A-3A13-B1C3-3A6C85E6FAFE}
	EndProjectSection
EndProject
Project("{8BC9CEB8-8B4A-11D0-8D11-00A0C91BC942}") = "update_mappings", "HelloVulkan\vendor\glfw\src\update_mappings.vcxproj", "{808AA4D5-A7F6-32A0-BC2E-D520385BF80E}"
	ProjectSection(ProjectDependencies) = postProject
		{7AD3614A-5C1A-3A13-B1C3-3A6C85E6FAFE} = {7AD3614A-5C1A-3A13-B1C3-3A6C85E6FAFE}
	EndProjectSection
EndProject
Global
	GlobalSection(SolutionConfigurationPlatforms) = preSolution
		Debug|x64 = Debug|x64
		Release|x64 = Release|x64
		MinSizeRel|x64 = MinSizeRel|x64
		RelWithDebInfo|x64 = RelWithDebInfo|x64
	EndGlobalSection
	GlobalSection(ProjectConfigurationPlatforms) = postSolution
		{393DA3A4-7855-39FB-AF2F-DD7C08C044AC}.Debug|x64.ActiveCfg = Debug|x64
		{393DA3A4-7855-39FB-AF2F-DD7C08C044AC}.Debug|x64.Build.0 = Debug|x64
		{393DA3A4-7855-39FB-AF2F-DD7C08C044AC}.Release|x64.ActiveCfg = Release|x64
		{393DA3A4-7855-39FB-AF2F-DD7C08C044AC}.Release|x64.Build.0 = Release|x64
		{393DA3A4-7855-39FB-AF2F-DD7C08C044AC}.MinSizeRel|x64.ActiveCfg = MinSizeRel|x64
		{393DA3A4-7855-39FB-AF2F-DD7C08C044AC}.MinSizeRel|x64.Build.0 = MinSizeRel|x64
		{393DA3A4-7855-39FB-AF2F-DD7C08C044AC}.RelWithDebInfo|x64.ActiveCfg = RelWithDebInfo|x64
		{393DA3A4-7855-39FB-AF2F-DD7C08C044AC}.RelWithDebInfo|x64.Build.0 = RelWithDebInfo|x64
		{AE9BF2B3-803E-3502-99FE-D33D6F9C584D}.Debug|x64.ActiveCfg = Debug|x64
		{AE9BF2B3-803E-3502-99FE-D33D6F9C584D}.Debug|x64.Build.0 = Debug|x64
		{AE9BF2B3-803E-3502-99FE-D33D6F9C584D}.Release|x64.ActiveCfg = Release|x64
		{AE9BF2B3-803E-3502-99FE-D33D6F9C584D}.Release|x64.Build.0 = Release|x64
		{AE9BF2B3-803E-3502-99FE-D33D6F9C584D}.MinSizeRel|x64.ActiveCfg = MinSizeRel|x64
		{AE9BF2B3-803E-3502-99FE-D33D6F9C584D}.MinSizeRel|x64.Build.0 = MinSizeRel|x64
		{AE9BF2B3-803E-3502-99FE-D33D6F9C584D}.RelWithDebInfo|x64.ActiveCfg = RelWithDebInfo|x64
		{AE9BF2B3-803E-3502-99FE-D33D6F9C584D}.RelWithDebInfo|x64.Build.0 = RelWithDebInfo|x64
		{E67EA6F1-9365-3235-982E-DDD37E6FCFAD}.Debug|x64.ActiveCfg = Debug|x64
		{E67EA6F1-9365-3235-982E-DDD37E6FCFAD}.Release|x64.ActiveCfg = Release|x64
		{E67EA6F1-9365-3235-982E-DDD37E6FCFAD}.MinSizeRel|x64.ActiveCfg = MinSizeRel|x64
		{E67EA6F1-9365-3235-982E-DDD37E6FCFAD}.RelWithDebInfo|x64.ActiveCfg = RelWithDebInfo|x64
		{7AD3614A-5C1A-3A13-B1C3-3A6C85E6FAFE}.Debug|x64.ActiveCfg = Debug|x64
		{7AD3614A-5C1A-3A13-B1C3-3A6C85E6FAFE}.Debug|x64.Build.0 = Debug|x64
		{7AD3614A-5C1A-3A13-B1C3-3A6C85E6FAFE}.Release|x64.ActiveCfg = Release|x64
		{7AD3614A-5C1A-3A13-B1C3-3A6C85E6FAFE}.Release|x64.Build.0 = Release|x64
		{7AD3614A-5C1A-3A13-B1C3-3A6C85E6FAFE}.MinSizeRel|x64.ActiveCfg = MinSizeRel|x64
		{7AD3614A-5C1A-3A13-B1C3-3A6C85E6FAFE}.MinSizeRel|x64.Build.0 = MinSizeRel|x64
		{7AD3614A-5C1A-3A13-B1C3-3A6C85E6FAFE}.RelWithDebInfo|x64.ActiveCfg = RelWithDebInfo|x64
		{7AD3614A-5C1A-3A13-B1C3-3A6C85E6FAFE}.RelWithDebInfo|x64.Build.0 = RelWithDebInfo|x64
		{7FD8066E-CFC9-3E73-AE63-F062E9313EDE}.Debug|x64.ActiveCfg = Debug|x64
		{7FD8066E-CFC9-3E73-AE63-F062E9313EDE}.Debug|x64.Build.0 = Debug|x64
		{7FD8066E-CFC9-3E73-AE63-F062E9313EDE}.Release|x64.ActiveCfg = Release|x64
		{7FD8066E-CFC9-3E73-AE63-F062E9313EDE}.Release|x64.Build.0 = Release|x64
		{7FD8066E-CFC9-3E73-AE63-F062E9313EDE}.MinSizeRel|x64.ActiveCfg = MinSizeRel|x64
		{7FD8066E-CFC9-3E73-AE63-F062E9313EDE}.MinSizeRel|x64.Build.0 = MinSizeRel|x64
		{7FD8066E-CFC9-3E73-AE63-F062E9313EDE}.RelWithDebInfo|x64.ActiveCfg = RelWithDebInfo|x64
		{7FD8066E-CFC9-3E73-AE63-F062E9313EDE}.RelWithDebInfo|x64.Build.0 = RelWithDebInfo|x64
		{8E883E7B-E9C0-32C0-8FFB-5EDB57D8AF8B}.Debug|x64.ActiveCfg = Debug|x64
		{8E883E7B-E9C0-32C0-8FFB-5EDB57D8AF8B}.Release|x64.ActiveCfg = Release|x64
		{8E883E7B-E9C0-32C0-8FFB-5EDB57D8AF8B}.MinSizeRel|x64.ActiveCfg = MinSizeRel|x64
		{8E883E7B-E9C0-32C0-8FFB-5EDB57D8AF8B}.RelWithDebInfo|x64.ActiveCfg = RelWithDebInfo|x64
		{808AA4D5-A7F6-32A0-BC2E-D520385BF80E}.Debug|x64.ActiveCfg = Debug|x64
		{808AA4D5-A7F6-32A0-BC2E-D520385BF80E}.Release|x64.ActiveCfg = Release|x64
		{808AA4D5-A7F6-32A0-BC2E-D520385BF80E}.MinSizeRel|x64.ActiveCfg = MinSizeRel|x64
		{808AA4D5-A7F6-32A0-BC2E-D520385BF80E}.RelWithDebInfo|x64.ActiveCfg = RelWithDebInfo|x64
	EndGlobalSection
	GlobalSection(NestedProjects) = preSolution
		{393DA3A4-7855-39FB-AF2F-DD7C08C044AC} = {0F5899F9-AB55-3F93-8C75-C870AA8624B5}
		{E67EA6F1-9365-3235-982E-DDD37E6FCFAD} = {0F5899F9-AB55-3F93-8C75-C870AA8624B5}
		{7AD3614A-5C1A-3A13-B1C3-3A6C85E6FAFE} = {0F5899F9-AB55-3F93-8C75-C870AA8624B5}
		{7FD8066E-CFC9-3E73-AE63-F062E9313EDE} = {40A5DA62-342F-353F-B383-BB590866C022}
		{8E883E7B-E9C0-32C0-8FFB-5EDB57D8AF8B} = {40A5DA62-342F-353F-B383-BB590866C022}
		{808AA4D5-A7F6-32A0-BC2E-D520385BF80E} = {40A5DA62-342F-353F-B383-BB590866C022}
	EndGlobalSection
	GlobalSection(ExtensibilityGlobals) = postSolution
		SolutionGuid = {F621DEDC-7652-32BF-B8B9-7168B57B72EB}
	EndGlobalSection
	GlobalSection(ExtensibilityAddIns) = postSolution
	EndGlobalSection
EndGlobal
